
Microsoft Visual Studio Solution File, Format Version 12.00
# Visual Studio 14
VisualStudioVersion = 14.0.25420.1
MinimumVisualStudioVersion = 10.0.40219.1
Project("{FAE04EC0-301F-11D3-BF4B-00C04F79EFBC}") = "GrooveForMusicBee", "GrooveForMusicBee\GrooveForMusicBee.csproj", "{C997165B-617C-4D74-84D8-93A5434A8293}"
EndProject
Project("{FAE04EC0-301F-11D3-BF4B-00C04F79EFBC}") = "GrooveApiSample", "GrooveApiSample\GrooveApiSample.csproj", "{B923EDD3-0935-47B3-A27D-86F956BD9B33}"
EndProject
Project("{FAE04EC0-301F-11D3-BF4B-00C04F79EFBC}") = "GrooveApiClient", "GrooveApiClient\GrooveApiClient.csproj", "{EFC538C3-4EF6-43B4-B49A-152E35563BDA}"
EndProject
Project("{FAE04EC0-301F-11D3-BF4B-00C04F79EFBC}") = "GrooveApiDataContract", "GrooveApiDataContract\GrooveApiDataContract.csproj", "{5850FDBC-1778-4107-A7DF-C3E331E4BA6E}"
EndProject
Project("{911E67C6-3D85-4FCE-B560-20A9C3E3FF48}") = "MusicBee", "..\..\..\Program Files (x86)\MusicBee\MusicBee.exe", "{DA65A4CE-8894-4FF5-81F7-A65BC1E1B1E3}"
	ProjectSection(DebuggerProjectSystem) = preProject
		PortSupplier = 00000000-0000-0000-0000-000000000000
		Executable = C:\Program Files (x86)\MusicBee\MusicBee.exe
		RemoteMachine = MH-BOXBOX
		StartingDirectory = C:\Program Files (x86)\MusicBee
		Environment = Default
		LaunchingEngine = 00000000-0000-0000-0000-000000000000
		UseLegacyDebugEngines = No
		LaunchSQLEngine = No
		AttachLaunchAction = No
	EndProjectSection
EndProject
Global
	GlobalSection(SolutionConfigurationPlatforms) = preSolution
		Debug|Any CPU = Debug|Any CPU
		Debug|x64 = Debug|x64
		Debug|x86 = Debug|x86
		Release|Any CPU = Release|Any CPU
		Release|x64 = Release|x64
		Release|x86 = Release|x86
	EndGlobalSection
	GlobalSection(ProjectConfigurationPlatforms) = postSolution
		{C997165B-617C-4D74-84D8-93A5434A8293}.Debug|Any CPU.ActiveCfg = Debug|x86
		{C997165B-617C-4D74-84D8-93A5434A8293}.Debug|Any CPU.Build.0 = Debug|x86
		{C997165B-617C-4D74-84D8-93A5434A8293}.Debug|x64.ActiveCfg = Debug|Any CPU
		{C997165B-617C-4D74-84D8-93A5434A8293}.Debug|x64.Build.0 = Debug|Any CPU
		{C997165B-617C-4D74-84D8-93A5434A8293}.Debug|x86.ActiveCfg = Debug|x86
		{C997165B-617C-4D74-84D8-93A5434A8293}.Debug|x86.Build.0 = Debug|x86
		{C997165B-617C-4D74-84D8-93A5434A8293}.Release|Any CPU.ActiveCfg = Release|Any CPU
		{C997165B-617C-4D74-84D8-93A5434A8293}.Release|Any CPU.Build.0 = Release|Any CPU
		{C997165B-617C-4D74-84D8-93A5434A8293}.Release|x64.ActiveCfg = Release|Any CPU
		{C997165B-617C-4D74-84D8-93A5434A8293}.Release|x64.Build.0 = Release|Any CPU
		{C997165B-617C-4D74-84D8-93A5434A8293}.Release|x86.ActiveCfg = Release|Any CPU
		{C997165B-617C-4D74-84D8-93A5434A8293}.Release|x86.Build.0 = Release|Any CPU
		{B923EDD3-0935-47B3-A27D-86F956BD9B33}.Debug|Any CPU.ActiveCfg = Debug|Any CPU
		{B923EDD3-0935-47B3-A27D-86F956BD9B33}.Debug|Any CPU.Build.0 = Debug|Any CPU
		{B923EDD3-0935-47B3-A27D-86F956BD9B33}.Debug|x64.ActiveCfg = Debug|Any CPU
		{B923EDD3-0935-47B3-A27D-86F956BD9B33}.Debug|x64.Build.0 = Debug|Any CPU
		{B923EDD3-0935-47B3-A27D-86F956BD9B33}.Debug|x86.ActiveCfg = Debug|Any CPU
		{B923EDD3-0935-47B3-A27D-86F956BD9B33}.Debug|x86.Build.0 = Debug|Any CPU
		{B923EDD3-0935-47B3-A27D-86F956BD9B33}.Release|Any CPU.ActiveCfg = Release|Any CPU
		{B923EDD3-0935-47B3-A27D-86F956BD9B33}.Release|Any CPU.Build.0 = Release|Any CPU
		{B923EDD3-0935-47B3-A27D-86F956BD9B33}.Release|x64.ActiveCfg = Release|Any CPU
		{B923EDD3-0935-47B3-A27D-86F956BD9B33}.Release|x64.Build.0 = Release|Any CPU
		{B923EDD3-0935-47B3-A27D-86F956BD9B33}.Release|x86.ActiveCfg = Release|Any CPU
		{B923EDD3-0935-47B3-A27D-86F956BD9B33}.Release|x86.Build.0 = Release|Any CPU
		{EFC538C3-4EF6-43B4-B49A-152E35563BDA}.Debug|Any CPU.ActiveCfg = Debug|Any CPU
		{EFC538C3-4EF6-43B4-B49A-152E35563BDA}.Debug|Any CPU.Build.0 = Debug|Any CPU
		{EFC538C3-4EF6-43B4-B49A-152E35563BDA}.Debug|x64.ActiveCfg = Debug|Any CPU
		{EFC538C3-4EF6-43B4-B49A-152E35563BDA}.Debug|x64.Build.0 = Debug|Any CPU
		{EFC538C3-4EF6-43B4-B49A-152E35563BDA}.Debug|x86.ActiveCfg = Debug|Any CPU
		{EFC538C3-4EF6-43B4-B49A-152E35563BDA}.Debug|x86.Build.0 = Debug|Any CPU
		{EFC538C3-4EF6-43B4-B49A-152E35563BDA}.Release|Any CPU.ActiveCfg = Release|Any CPU
		{EFC538C3-4EF6-43B4-B49A-152E35563BDA}.Release|Any CPU.Build.0 = Release|Any CPU
		{EFC538C3-4EF6-43B4-B49A-152E35563BDA}.Release|x64.ActiveCfg = Release|Any CPU
		{EFC538C3-4EF6-43B4-B49A-152E35563BDA}.Release|x64.Build.0 = Release|Any CPU
		{EFC538C3-4EF6-43B4-B49A-152E35563BDA}.Release|x86.ActiveCfg = Release|Any CPU
		{EFC538C3-4EF6-43B4-B49A-152E35563BDA}.Release|x86.Build.0 = Release|Any CPU
		{5850FDBC-1778-4107-A7DF-C3E331E4BA6E}.Debug|Any CPU.ActiveCfg = Debug|Any CPU
		{5850FDBC-1778-4107-A7DF-C3E331E4BA6E}.Debug|Any CPU.Build.0 = Debug|Any CPU
		{5850FDBC-1778-4107-A7DF-C3E331E4BA6E}.Debug|x64.ActiveCfg = Debug|Any CPU
		{5850FDBC-1778-4107-A7DF-C3E331E4BA6E}.Debug|x64.Build.0 = Debug|Any CPU
		{5850FDBC-1778-4107-A7DF-C3E331E4BA6E}.Debug|x86.ActiveCfg = Debug|Any CPU
		{5850FDBC-1778-4107-A7DF-C3E331E4BA6E}.Debug|x86.Build.0 = Debug|Any CPU
		{5850FDBC-1778-4107-A7DF-C3E331E4BA6E}.Release|Any CPU.ActiveCfg = Release|Any CPU
		{5850FDBC-1778-4107-A7DF-C3E331E4BA6E}.Release|Any CPU.Build.0 = Release|Any CPU
		{5850FDBC-1778-4107-A7DF-C3E331E4BA6E}.Release|x64.ActiveCfg = Release|Any CPU
		{5850FDBC-1778-4107-A7DF-C3E331E4BA6E}.Release|x64.Build.0 = Release|Any CPU
		{5850FDBC-1778-4107-A7DF-C3E331E4BA6E}.Release|x86.ActiveCfg = Release|Any CPU
		{5850FDBC-1778-4107-A7DF-C3E331E4BA6E}.Release|x86.Build.0 = Release|Any CPU
		{DA65A4CE-8894-4FF5-81F7-A65BC1E1B1E3}.Debug|Any CPU.ActiveCfg = Release|x86
		{DA65A4CE-8894-4FF5-81F7-A65BC1E1B1E3}.Debug|x64.ActiveCfg = Release|x86
		{DA65A4CE-8894-4FF5-81F7-A65BC1E1B1E3}.Debug|x86.ActiveCfg = Release|x86
		{DA65A4CE-8894-4FF5-81F7-A65BC1E1B1E3}.Release|Any CPU.ActiveCfg = Release|x86
		{DA65A4CE-8894-4FF5-81F7-A65BC1E1B1E3}.Release|x64.ActiveCfg = Release|x86
		{DA65A4CE-8894-4FF5-81F7-A65BC1E1B1E3}.Release|x86.ActiveCfg = Release|x86
	EndGlobalSection
	GlobalSection(SolutionProperties) = preSolution
		HideSolutionNode = FALSE
	EndGlobalSection
EndGlobal
